
Microsoft Visual Studio Solution File, Format Version 12.00
# Visual Studio 15
VisualStudioVersion = 15.0.28307.572
MinimumVisualStudioVersion = 10.0.40219.1
Project("{FAE04EC0-301F-11D3-BF4B-00C04F79EFBC}") = "listArray", "listArray\listArray.csproj", "{593C2AEE-41EA-4CB8-AC01-E365ACE3DD23}"
EndProject
Global
	GlobalSection(SolutionConfigurationPlatforms) = preSolution
		Debug|Any CPU = Debug|Any CPU
		Release|Any CPU = Release|Any CPU
	EndGlobalSection
	GlobalSection(ProjectConfigurationPlatforms) = postSolution
		{593C2AEE-41EA-4CB8-AC01-E365ACE3DD23}.Debug|Any CPU.ActiveCfg = Debug|Any CPU
		{593C2AEE-41EA-4CB8-AC01-E365ACE3DD23}.Debug|Any CPU.Build.0 = Debug|Any CPU
		{593C2AEE-41EA-4CB8-AC01-E365ACE3DD23}.Release|Any CPU.ActiveCfg = Release|Any CPU
		{593C2AEE-41EA-4CB8-AC01-E365ACE3DD23}.Release|Any CPU.Build.0 = Release|Any CPU
	EndGlobalSection
	GlobalSection(SolutionProperties) = preSolution
		HideSolutionNode = FALSE
	EndGlobalSection
	GlobalSection(ExtensibilityGlobals) = postSolution
		SolutionGuid = {7DB09653-F9CE-4133-8BCF-CCB03D260347}
	EndGlobalSection
EndGlobal
